
Microsoft Visual Studio Solution File, Format Version 12.00
# Visual Studio Version 16
VisualStudioVersion = 16.0.29926.136
MinimumVisualStudioVersion = 10.0.40219.1
Project("{FAE04EC0-301F-11D3-BF4B-00C04F79EFBC}") = "Church.DataLayer", "Church.DataLayer\Church.DataLayer.csproj", "{65B04FD2-E7F7-480C-8D87-87682A305E6D}"
EndProject
Project("{FAE04EC0-301F-11D3-BF4B-00C04F79EFBC}") = "Church.Web", "Church.Web\Church.Web.csproj", "{1B7566C1-0119-45FC-9C0A-615051108372}"
EndProject
Global
	GlobalSection(SolutionConfigurationPlatforms) = preSolution
		Debug|Any CPU = Debug|Any CPU
		Release|Any CPU = Release|Any CPU
	EndGlobalSection
	GlobalSection(ProjectConfigurationPlatforms) = postSolution
		{65B04FD2-E7F7-480C-8D87-87682A305E6D}.Debug|Any CPU.ActiveCfg = Debug|Any CPU
		{65B04FD2-E7F7-480C-8D87-87682A305E6D}.Debug|Any CPU.Build.0 = Debug|Any CPU
		{65B04FD2-E7F7-480C-8D87-87682A305E6D}.Release|Any CPU.ActiveCfg = Release|Any CPU
		{65B04FD2-E7F7-480C-8D87-87682A305E6D}.Release|Any CPU.Build.0 = Release|Any CPU
		{1B7566C1-0119-45FC-9C0A-615051108372}.Debug|Any CPU.ActiveCfg = Debug|Any CPU
		{1B7566C1-0119-45FC-9C0A-615051108372}.Debug|Any CPU.Build.0 = Debug|Any CPU
		{1B7566C1-0119-45FC-9C0A-615051108372}.Release|Any CPU.ActiveCfg = Release|Any CPU
		{1B7566C1-0119-45FC-9C0A-615051108372}.Release|Any CPU.Build.0 = Release|Any CPU
	EndGlobalSection
	GlobalSection(SolutionProperties) = preSolution
		HideSolutionNode = FALSE
	EndGlobalSection
	GlobalSection(ExtensibilityGlobals) = postSolution
		SolutionGuid = {F8D7E5C0-0841-474E-A298-4A4F934DCEEF}
	EndGlobalSection
EndGlobal
